
Microsoft Visual Studio Solution File, Format Version 12.00
# Visual Studio 15
VisualStudioVersion = 15.0.27130.2027
MinimumVisualStudioVersion = 10.0.40219.1
Project("{8BC9CEB8-8B4A-11D0-8D11-00A0C91BC942}") = "framework", "framework\framework.vcxproj", "{1BC7FECA-4C79-4B0A-B018-6E341527B11E}"
	ProjectSection(ProjectDependencies) = postProject
		{8D9D4A3E-439A-4210-8879-259B20D992CA} = {8D9D4A3E-439A-4210-8879-259B20D992CA}
	EndProjectSection
EndProject
Project("{8BC9CEB8-8B4A-11D0-8D11-00A0C91BC942}") = "magma", "third-party\magma\projects\vs\magma.vcxproj", "{8D9D4A3E-439A-4210-8879-259B20D992CA}"
EndProject
Project("{8BC9CEB8-8B4A-11D0-8D11-00A0C91BC942}") = "01-triangle", "01-triangle\01-triangle.vcxproj", "{50E82F8F-9204-4728-B05D-DEB21635CA3D}"
	ProjectSection(ProjectDependencies) = postProject
		{8D9D4A3E-439A-4210-8879-259B20D992CA} = {8D9D4A3E-439A-4210-8879-259B20D992CA}
		{1BC7FECA-4C79-4B0A-B018-6E341527B11E} = {1BC7FECA-4C79-4B0A-B018-6E341527B11E}
	EndProjectSection
EndProject
Project("{8BC9CEB8-8B4A-11D0-8D11-00A0C91BC942}") = "02-transform", "02-transform\02-transform.vcxproj", "{E947AD0C-32C0-46D3-A6D3-C7F6F36CCB86}"
	ProjectSection(ProjectDependencies) = postProject
		{8D9D4A3E-439A-4210-8879-259B20D992CA} = {8D9D4A3E-439A-4210-8879-259B20D992CA}
		{1BC7FECA-4C79-4B0A-B018-6E341527B11E} = {1BC7FECA-4C79-4B0A-B018-6E341527B11E}
	EndProjectSection
EndProject
Project("{8BC9CEB8-8B4A-11D0-8D11-00A0C91BC942}") = "03-procedural-intersection", "03-procedural-intersection\03-procedural-intersection.vcxproj", "{69A680CF-6600-4BD9-8134-46654BC5BEA8}"
	ProjectSection(ProjectDependencies) = postProject
		{8D9D4A3E-439A-4210-8879-259B20D992CA} = {8D9D4A3E-439A-4210-8879-259B20D992CA}
		{1BC7FECA-4C79-4B0A-B018-6E341527B11E} = {1BC7FECA-4C79-4B0A-B018-6E341527B11E}
	EndProjectSection
EndProject
Project("{8BC9CEB8-8B4A-11D0-8D11-00A0C91BC942}") = "04-texture-alpha", "04-texture-alpha\04-texture-alpha.vcxproj", "{3AF8BC37-AC6A-4E0D-A5E0-5774F7762D73}"
	ProjectSection(ProjectDependencies) = postProject
		{8D9D4A3E-439A-4210-8879-259B20D992CA} = {8D9D4A3E-439A-4210-8879-259B20D992CA}
		{1BC7FECA-4C79-4B0A-B018-6E341527B11E} = {1BC7FECA-4C79-4B0A-B018-6E341527B11E}
	EndProjectSection
EndProject
Project("{8BC9CEB8-8B4A-11D0-8D11-00A0C91BC942}") = "05-mesh", "05-mesh\05-mesh.vcxproj", "{F95E5B7F-A7E5-4F30-8B68-2D6FB13C5611}"
	ProjectSection(ProjectDependencies) = postProject
		{8D9D4A3E-439A-4210-8879-259B20D992CA} = {8D9D4A3E-439A-4210-8879-259B20D992CA}
		{1BC7FECA-4C79-4B0A-B018-6E341527B11E} = {1BC7FECA-4C79-4B0A-B018-6E341527B11E}
	EndProjectSection
EndProject
Global
	GlobalSection(SolutionConfigurationPlatforms) = preSolution
		Debug|x64 = Debug|x64
		Release|x64 = Release|x64
	EndGlobalSection
	GlobalSection(ProjectConfigurationPlatforms) = postSolution
		{1BC7FECA-4C79-4B0A-B018-6E341527B11E}.Debug|x64.ActiveCfg = Debug|x64
		{1BC7FECA-4C79-4B0A-B018-6E341527B11E}.Debug|x64.Build.0 = Debug|x64
		{1BC7FECA-4C79-4B0A-B018-6E341527B11E}.Release|x64.ActiveCfg = Release|x64
		{1BC7FECA-4C79-4B0A-B018-6E341527B11E}.Release|x64.Build.0 = Release|x64
		{8D9D4A3E-439A-4210-8879-259B20D992CA}.Debug|x64.ActiveCfg = Debug|x64
		{8D9D4A3E-439A-4210-8879-259B20D992CA}.Debug|x64.Build.0 = Debug|x64
		{8D9D4A3E-439A-4210-8879-259B20D992CA}.Release|x64.ActiveCfg = Release|x64
		{8D9D4A3E-439A-4210-8879-259B20D992CA}.Release|x64.Build.0 = Release|x64
		{50E82F8F-9204-4728-B05D-DEB21635CA3D}.Debug|x64.ActiveCfg = Debug|x64
		{50E82F8F-9204-4728-B05D-DEB21635CA3D}.Debug|x64.Build.0 = Debug|x64
		{50E82F8F-9204-4728-B05D-DEB21635CA3D}.Release|x64.ActiveCfg = Release|x64
		{50E82F8F-9204-4728-B05D-DEB21635CA3D}.Release|x64.Build.0 = Release|x64
		{E947AD0C-32C0-46D3-A6D3-C7F6F36CCB86}.Debug|x64.ActiveCfg = Debug|x64
		{E947AD0C-32C0-46D3-A6D3-C7F6F36CCB86}.Debug|x64.Build.0 = Debug|x64
		{E947AD0C-32C0-46D3-A6D3-C7F6F36CCB86}.Release|x64.ActiveCfg = Release|x64
		{E947AD0C-32C0-46D3-A6D3-C7F6F36CCB86}.Release|x64.Build.0 = Release|x64
		{69A680CF-6600-4BD9-8134-46654BC5BEA8}.Debug|x64.ActiveCfg = Debug|x64
		{69A680CF-6600-4BD9-8134-46654BC5BEA8}.Debug|x64.Build.0 = Debug|x64
		{69A680CF-6600-4BD9-8134-46654BC5BEA8}.Release|x64.ActiveCfg = Release|x64
		{69A680CF-6600-4BD9-8134-46654BC5BEA8}.Release|x64.Build.0 = Release|x64
		{3AF8BC37-AC6A-4E0D-A5E0-5774F7762D73}.Debug|x64.ActiveCfg = Debug|x64
		{3AF8BC37-AC6A-4E0D-A5E0-5774F7762D73}.Debug|x64.Build.0 = Debug|x64
		{3AF8BC37-AC6A-4E0D-A5E0-5774F7762D73}.Release|x64.ActiveCfg = Release|x64
		{3AF8BC37-AC6A-4E0D-A5E0-5774F7762D73}.Release|x64.Build.0 = Release|x64
		{F95E5B7F-A7E5-4F30-8B68-2D6FB13C5611}.Debug|x64.ActiveCfg = Debug|x64
		{F95E5B7F-A7E5-4F30-8B68-2D6FB13C5611}.Debug|x64.Build.0 = Debug|x64
		{F95E5B7F-A7E5-4F30-8B68-2D6FB13C5611}.Release|x64.ActiveCfg = Release|x64
		{F95E5B7F-A7E5-4F30-8B68-2D6FB13C5611}.Release|x64.Build.0 = Release|x64
	EndGlobalSection
	GlobalSection(SolutionProperties) = preSolution
		HideSolutionNode = FALSE
	EndGlobalSection
	GlobalSection(ExtensibilityGlobals) = postSolution
		SolutionGuid = {F88C6098-C784-4B80-80B6-77704379AAA1}
	EndGlobalSection
EndGlobal
